
Microsoft Visual Studio Solution File, Format Version 12.00
# Visual Studio Version 16
VisualStudioVersion = 16.0.30711.63
MinimumVisualStudioVersion = 10.0.40219.1
Project("{FAE04EC0-301F-11D3-BF4B-00C04F79EFBC}") = "KampIntro1", "KampIntro1\KampIntro1.csproj", "{FBD831EB-9F14-4161-B9B7-5A31EF6B0CCD}"
EndProject
Project("{FAE04EC0-301F-11D3-BF4B-00C04F79EFBC}") = "OOP1", "OOP1\OOP1.csproj", "{AD08DFA8-246E-4900-A9E8-B9A74EE27EFA}"
EndProject
Project("{FAE04EC0-301F-11D3-BF4B-00C04F79EFBC}") = "Collections", "Collections\Collections.csproj", "{3B042EAB-9D6B-4AC1-AEBD-28947BE74A4C}"
EndProject
Project("{FAE04EC0-301F-11D3-BF4B-00C04F79EFBC}") = "GenericsIntro", "GenericsIntro\GenericsIntro.csproj", "{A847CA6F-D39C-4A00-B490-81DA7CBEE4C6}"
EndProject
Global
	GlobalSection(SolutionConfigurationPlatforms) = preSolution
		Debug|Any CPU = Debug|Any CPU
		Release|Any CPU = Release|Any CPU
	EndGlobalSection
	GlobalSection(ProjectConfigurationPlatforms) = postSolution
		{FBD831EB-9F14-4161-B9B7-5A31EF6B0CCD}.Debug|Any CPU.ActiveCfg = Debug|Any CPU
		{FBD831EB-9F14-4161-B9B7-5A31EF6B0CCD}.Debug|Any CPU.Build.0 = Debug|Any CPU
		{FBD831EB-9F14-4161-B9B7-5A31EF6B0CCD}.Release|Any CPU.ActiveCfg = Release|Any CPU
		{FBD831EB-9F14-4161-B9B7-5A31EF6B0CCD}.Release|Any CPU.Build.0 = Release|Any CPU
		{AD08DFA8-246E-4900-A9E8-B9A74EE27EFA}.Debug|Any CPU.ActiveCfg = Debug|Any CPU
		{AD08DFA8-246E-4900-A9E8-B9A74EE27EFA}.Debug|Any CPU.Build.0 = Debug|Any CPU
		{AD08DFA8-246E-4900-A9E8-B9A74EE27EFA}.Release|Any CPU.ActiveCfg = Release|Any CPU
		{AD08DFA8-246E-4900-A9E8-B9A74EE27EFA}.Release|Any CPU.Build.0 = Release|Any CPU
		{3B042EAB-9D6B-4AC1-AEBD-28947BE74A4C}.Debug|Any CPU.ActiveCfg = Debug|Any CPU
		{3B042EAB-9D6B-4AC1-AEBD-28947BE74A4C}.Debug|Any CPU.Build.0 = Debug|Any CPU
		{3B042EAB-9D6B-4AC1-AEBD-28947BE74A4C}.Release|Any CPU.ActiveCfg = Release|Any CPU
		{3B042EAB-9D6B-4AC1-AEBD-28947BE74A4C}.Release|Any CPU.Build.0 = Release|Any CPU
		{A847CA6F-D39C-4A00-B490-81DA7CBEE4C6}.Debug|Any CPU.ActiveCfg = Debug|Any CPU
		{A847CA6F-D39C-4A00-B490-81DA7CBEE4C6}.Debug|Any CPU.Build.0 = Debug|Any CPU
		{A847CA6F-D39C-4A00-B490-81DA7CBEE4C6}.Release|Any CPU.ActiveCfg = Release|Any CPU
		{A847CA6F-D39C-4A00-B490-81DA7CBEE4C6}.Release|Any CPU.Build.0 = Release|Any CPU
	EndGlobalSection
	GlobalSection(SolutionProperties) = preSolution
		HideSolutionNode = FALSE
	EndGlobalSection
	GlobalSection(ExtensibilityGlobals) = postSolution
		SolutionGuid = {07876710-4F43-4C40-B368-D97A6F48B5D0}
	EndGlobalSection
EndGlobal
